
Microsoft Visual Studio Solution File, Format Version 12.00
# Visual Studio Version 17
VisualStudioVersion = 17.7.34031.279
MinimumVisualStudioVersion = 10.0.40219.1
Project("{FAE04EC0-301F-11D3-BF4B-00C04F79EFBC}") = "Week15OOP", "Week15OOP\Week15OOP.csproj", "{A51FACBA-FE94-41D5-A7C3-A0E9DC9FDD99}"
EndProject
Global
	GlobalSection(SolutionConfigurationPlatforms) = preSolution
		Debug|Any CPU = Debug|Any CPU
		Release|Any CPU = Release|Any CPU
	EndGlobalSection
	GlobalSection(ProjectConfigurationPlatforms) = postSolution
		{A51FACBA-FE94-41D5-A7C3-A0E9DC9FDD99}.Debug|Any CPU.ActiveCfg = Debug|Any CPU
		{A51FACBA-FE94-41D5-A7C3-A0E9DC9FDD99}.Debug|Any CPU.Build.0 = Debug|Any CPU
		{A51FACBA-FE94-41D5-A7C3-A0E9DC9FDD99}.Release|Any CPU.ActiveCfg = Release|Any CPU
		{A51FACBA-FE94-41D5-A7C3-A0E9DC9FDD99}.Release|Any CPU.Build.0 = Release|Any CPU
	EndGlobalSection
	GlobalSection(SolutionProperties) = preSolution
		HideSolutionNode = FALSE
	EndGlobalSection
	GlobalSection(ExtensibilityGlobals) = postSolution
		SolutionGuid = {94F7EBBA-4CAA-4D2B-B7D4-8F8192C1C26A}
	EndGlobalSection
EndGlobal
